# This file is automatically @generated by Cargo.
# It is not intended for manual editing.
version = 4

[[package]]
name = "equivalent"
version = "1.0.1"
source = "registry+https://github.com/rust-lang/crates.io-index"
checksum = "5443807d6dff69373d433ab9ef5378ad8df50ca6298caf15de6e52e24aaf54d5"

[[package]]
name = "hashbrown"
version = "0.15.2"
source = "registry+https://github.com/rust-lang/crates.io-index"
checksum = "bf151400ff0baff5465007dd2f3e717f3fe502074ca563069ce3a6629d07b289"

[[package]]
name = "indexmap"
version = "2.7.1"
source = "registry+https://github.com/rust-lang/crates.io-index"
checksum = "8c9c992b02b5b4c94ea26e32fe5bccb7aa7d9f390ab5c1221ff895bc7ea8b652"
dependencies = [
 "equivalent",
 "hashbrown",
]

[[package]]
name = "krpcgen"
version = "0.1.0"
dependencies = [
 "lexer",
 "rpc",
 "rpc_generator",
 "rpc_lexer",
 "rpc_parser",
]

[[package]]
name = "lexer"
version = "0.1.0"
dependencies = [
 "unicode_reader",
]

[[package]]
name = "rpc"
version = "0.1.0"
dependencies = [
 "indexmap",
]

[[package]]
name = "rpc_generator"
version = "0.1.0"
dependencies = [
 "indexmap",
 "rpc",
]

[[package]]
name = "rpc_lexer"
version = "0.1.0"
dependencies = [
 "lexer",
 "rpc",
]

[[package]]
name = "rpc_parser"
version = "0.1.0"
dependencies = [
 "rpc",
]

[[package]]
name = "smallvec"
version = "1.13.2"
source = "registry+https://github.com/rust-lang/crates.io-index"
checksum = "3c5e1a9a646d36c3599cd173a41282daf47c44583ad367b8e6837255952e5c67"

[[package]]
name = "unicode-segmentation"
version = "1.12.0"
source = "registry+https://github.com/rust-lang/crates.io-index"
checksum = "f6ccf251212114b54433ec949fd6a7841275f9ada20dddd2f29e9ceea4501493"

[[package]]
name = "unicode_reader"
version = "1.0.2"
source = "registry+https://github.com/rust-lang/crates.io-index"
checksum = "d68d43b506d20b459657e0f0fe3bf0fdbac65b61cbcc2bff842fc6614a8dc179"
dependencies = [
 "smallvec",
 "unicode-segmentation",
]
